
Microsoft Visual Studio Solution File, Format Version 12.00
# Visual Studio Version 17
VisualStudioVersion = 17.9.34701.34
MinimumVisualStudioVersion = 10.0.40219.1
Project("{FAE04EC0-301F-11D3-BF4B-00C04F79EFBC}") = "Web.Api", "..\Web.Api\Web.Api.csproj", "{8A1721AF-A27D-42F9-A78E-E04551DE5BB8}"
EndProject
Global
	GlobalSection(SolutionConfigurationPlatforms) = preSolution
		Debug|Any CPU = Debug|Any CPU
		Release|Any CPU = Release|Any CPU
	EndGlobalSection
	GlobalSection(ProjectConfigurationPlatforms) = postSolution
		{8A1721AF-A27D-42F9-A78E-E04551DE5BB8}.Debug|Any CPU.ActiveCfg = Debug|Any CPU
		{8A1721AF-A27D-42F9-A78E-E04551DE5BB8}.Debug|Any CPU.Build.0 = Debug|Any CPU
		{8A1721AF-A27D-42F9-A78E-E04551DE5BB8}.Release|Any CPU.ActiveCfg = Release|Any CPU
		{8A1721AF-A27D-42F9-A78E-E04551DE5BB8}.Release|Any CPU.Build.0 = Release|Any CPU
	EndGlobalSection
	GlobalSection(SolutionProperties) = preSolution
		HideSolutionNode = FALSE
	EndGlobalSection
	GlobalSection(ExtensibilityGlobals) = postSolution
		SolutionGuid = {2D1E1DFB-8D48-40C5-BC99-42051EEA64B5}
	EndGlobalSection
EndGlobal
